
Microsoft Visual Studio Solution File, Format Version 12.00
# Visual Studio Version 17
VisualStudioVersion = 17.7.34024.191
MinimumVisualStudioVersion = 10.0.40219.1
Project("{9A19103F-16F7-4668-BE54-9A1E7A4F7556}") = "ThucHanh3", "Thuc_Hanh_1\ThucHanh3.csproj", "{DE111D57-88B3-4F5B-876A-46D0888A174F}"
EndProject
Global
	GlobalSection(SolutionConfigurationPlatforms) = preSolution
		Debug|Any CPU = Debug|Any CPU
		Release|Any CPU = Release|Any CPU
	EndGlobalSection
	GlobalSection(ProjectConfigurationPlatforms) = postSolution
		{DE111D57-88B3-4F5B-876A-46D0888A174F}.Debug|Any CPU.ActiveCfg = Debug|Any CPU
		{DE111D57-88B3-4F5B-876A-46D0888A174F}.Debug|Any CPU.Build.0 = Debug|Any CPU
		{DE111D57-88B3-4F5B-876A-46D0888A174F}.Release|Any CPU.ActiveCfg = Release|Any CPU
		{DE111D57-88B3-4F5B-876A-46D0888A174F}.Release|Any CPU.Build.0 = Release|Any CPU
	EndGlobalSection
	GlobalSection(SolutionProperties) = preSolution
		HideSolutionNode = FALSE
	EndGlobalSection
	GlobalSection(ExtensibilityGlobals) = postSolution
		SolutionGuid = {4B066AB4-3CE1-453B-82DD-591C8A43C758}
	EndGlobalSection
EndGlobal
